// !$*UTF8*$!
{
	archiveVersion = 1;
	classes = {
	};
	objectVersion = 50;
	objects = {

/* Begin PBXBuildFile section */
		A714B53221A11AC6004946D6 /* FosViewController.swift in Sources */ = {isa = PBXBuildFile; fileRef = A714B53121A11AC6004946D6 /* FosViewController.swift */; };
		A714B53421A128B6004946D6 /* fosCollectionViewCell.swift in Sources */ = {isa = PBXBuildFile; fileRef = A714B53321A128B6004946D6 /* fosCollectionViewCell.swift */; };
		A714B53921A13110004946D6 /* Checkmarkempty@2x.png in Resources */ = {isa = PBXBuildFile; fileRef = A714B53621A13110004946D6 /* Checkmarkempty@2x.png */; };
		A714B53A21A13110004946D6 /* Checkmarkempty@3x.png in Resources */ = {isa = PBXBuildFile; fileRef = A714B53721A13110004946D6 /* Checkmarkempty@3x.png */; };
		A714B54121A1312C004946D6 /* Checkmark@2x.png in Resources */ = {isa = PBXBuildFile; fileRef = A714B53E21A1312C004946D6 /* Checkmark@2x.png */; };
		A714B54221A1312C004946D6 /* Checkmark@3x.png in Resources */ = {isa = PBXBuildFile; fileRef = A714B53F21A1312C004946D6 /* Checkmark@3x.png */; };
		A768F9EE219FC70D0093EDAC /* AppDelegate.swift in Sources */ = {isa = PBXBuildFile; fileRef = A768F9ED219FC70D0093EDAC /* AppDelegate.swift */; };
		A768F9F0219FC70D0093EDAC /* ViewController.swift in Sources */ = {isa = PBXBuildFile; fileRef = A768F9EF219FC70D0093EDAC /* ViewController.swift */; };
		A768F9F3219FC70D0093EDAC /* Main.storyboard in Resources */ = {isa = PBXBuildFile; fileRef = A768F9F1219FC70D0093EDAC /* Main.storyboard */; };
		A768F9F6219FC70D0093EDAC /* BlueSky_CollectionViewImages.xcdatamodeld in Sources */ = {isa = PBXBuildFile; fileRef = A768F9F4219FC70D0093EDAC /* BlueSky_CollectionViewImages.xcdatamodeld */; };
		A768F9F8219FC70E0093EDAC /* Assets.xcassets in Resources */ = {isa = PBXBuildFile; fileRef = A768F9F7219FC70E0093EDAC /* Assets.xcassets */; };
		A768F9FB219FC70E0093EDAC /* LaunchScreen.storyboard in Resources */ = {isa = PBXBuildFile; fileRef = A768F9F9219FC70E0093EDAC /* LaunchScreen.storyboard */; };
		A768FA03219FC8920093EDAC /* CollectionViewCell.swift in Sources */ = {isa = PBXBuildFile; fileRef = A768FA02219FC8920093EDAC /* CollectionViewCell.swift */; };
		A768FA06219FCFC20093EDAC /* humanities.png in Resources */ = {isa = PBXBuildFile; fileRef = A768FA05219FCFC20093EDAC /* humanities.png */; };
		A768FA0C219FCFCE0093EDAC /* social_science_cloud.jpeg in Resources */ = {isa = PBXBuildFile; fileRef = A768FA07219FCFCE0093EDAC /* social_science_cloud.jpeg */; };
		A768FA0D219FCFCE0093EDAC /* physical_science_2.jpeg in Resources */ = {isa = PBXBuildFile; fileRef = A768FA08219FCFCE0093EDAC /* physical_science_2.jpeg */; };
		A768FA0E219FCFCE0093EDAC /* physical_science_1.png in Resources */ = {isa = PBXBuildFile; fileRef = A768FA09219FCFCE0093EDAC /* physical_science_1.png */; };
		A768FA0F219FCFCE0093EDAC /* social_sciences_connection.jpeg in Resources */ = {isa = PBXBuildFile; fileRef = A768FA0A219FCFCE0093EDAC /* social_sciences_connection.jpeg */; };
		A768FA10219FCFCE0093EDAC /* mathematics.jpg in Resources */ = {isa = PBXBuildFile; fileRef = A768FA0B219FCFCE0093EDAC /* mathematics.jpg */; };
		A7C6FA4E21A89F33005B5B8A /* myRecommendationsViewController.swift in Sources */ = {isa = PBXBuildFile; fileRef = A7C6FA4D21A89F33005B5B8A /* myRecommendationsViewController.swift */; };
		A7CE544A21A1DC01002BE967 /* loViewController.swift in Sources */ = {isa = PBXBuildFile; fileRef = A7CE544921A1DC01002BE967 /* loViewController.swift */; };
		A7CE544C21A1DCE7002BE967 /* loTableViewCell.swift in Sources */ = {isa = PBXBuildFile; fileRef = A7CE544B21A1DCE7002BE967 /* loTableViewCell.swift */; };
		A7CE544F21A1E2A8002BE967 /* CheckMarkCell.swift in Sources */ = {isa = PBXBuildFile; fileRef = A7CE544D21A1E2A8002BE967 /* CheckMarkCell.swift */; };
		A7CE545021A1E2A8002BE967 /* CheckMarkCell.xib in Resources */ = {isa = PBXBuildFile; fileRef = A7CE544E21A1E2A8002BE967 /* CheckMarkCell.xib */; };
		A7CE545221A20797002BE967 /* empty-circle-png-7.png in Resources */ = {isa = PBXBuildFile; fileRef = A7CE545121A20797002BE967 /* empty-circle-png-7.png */; };
/* End PBXBuildFile section */

/* Begin PBXFileReference section */
		A714B53121A11AC6004946D6 /* FosViewController.swift */ = {isa = PBXFileReference; lastKnownFileType = sourcecode.swift; path = FosViewController.swift; sourceTree = "<group>"; };
		A714B53321A128B6004946D6 /* fosCollectionViewCell.swift */ = {isa = PBXFileReference; lastKnownFileType = sourcecode.swift; path = fosCollectionViewCell.swift; sourceTree = "<group>"; };
		A714B53621A13110004946D6 /* Checkmarkempty@2x.png */ = {isa = PBXFileReference; lastKnownFileType = image.png; path = "Checkmarkempty@2x.png"; sourceTree = "<group>"; };
		A714B53721A13110004946D6 /* Checkmarkempty@3x.png */ = {isa = PBXFileReference; lastKnownFileType = image.png; path = "Checkmarkempty@3x.png"; sourceTree = "<group>"; };
		A714B53E21A1312C004946D6 /* Checkmark@2x.png */ = {isa = PBXFileReference; lastKnownFileType = image.png; path = "Checkmark@2x.png"; sourceTree = "<group>"; };
		A714B53F21A1312C004946D6 /* Checkmark@3x.png */ = {isa = PBXFileReference; lastKnownFileType = image.png; path = "Checkmark@3x.png"; sourceTree = "<group>"; };
		A768F9EA219FC70D0093EDAC /* BlueSky_CollectionViewImages.app */ = {isa = PBXFileReference; explicitFileType = wrapper.application; includeInIndex = 0; path = BlueSky_CollectionViewImages.app; sourceTree = BUILT_PRODUCTS_DIR; };
		A768F9ED219FC70D0093EDAC /* AppDelegate.swift */ = {isa = PBXFileReference; lastKnownFileType = sourcecode.swift; path = AppDelegate.swift; sourceTree = "<group>"; };
		A768F9EF219FC70D0093EDAC /* ViewController.swift */ = {isa = PBXFileReference; lastKnownFileType = sourcecode.swift; path = ViewController.swift; sourceTree = "<group>"; };
		A768F9F2219FC70D0093EDAC /* Base */ = {isa = PBXFileReference; lastKnownFileType = file.storyboard; name = Base; path = Base.lproj/Main.storyboard; sourceTree = "<group>"; };
		A768F9F5219FC70D0093EDAC /* BlueSky_CollectionViewImages.xcdatamodel */ = {isa = PBXFileReference; lastKnownFileType = wrapper.xcdatamodel; path = BlueSky_CollectionViewImages.xcdatamodel; sourceTree = "<group>"; };
		A768F9F7219FC70E0093EDAC /* Assets.xcassets */ = {isa = PBXFileReference; lastKnownFileType = folder.assetcatalog; path = Assets.xcassets; sourceTree = "<group>"; };
		A768F9FA219FC70E0093EDAC /* Base */ = {isa = PBXFileReference; lastKnownFileType = file.storyboard; name = Base; path = Base.lproj/LaunchScreen.storyboard; sourceTree = "<group>"; };
		A768F9FC219FC70E0093EDAC /* Info.plist */ = {isa = PBXFileReference; lastKnownFileType = text.plist.xml; path = Info.plist; sourceTree = "<group>"; };
		A768FA02219FC8920093EDAC /* CollectionViewCell.swift */ = {isa = PBXFileReference; lastKnownFileType = sourcecode.swift; path = CollectionViewCell.swift; sourceTree = "<group>"; };
		A768FA05219FCFC20093EDAC /* humanities.png */ = {isa = PBXFileReference; lastKnownFileType = image.png; name = humanities.png; path = BlueSky_CollectionViewImages/CollegeImages/humanities.png; sourceTree = SOURCE_ROOT; };
		A768FA07219FCFCE0093EDAC /* social_science_cloud.jpeg */ = {isa = PBXFileReference; lastKnownFileType = image.jpeg; name = social_science_cloud.jpeg; path = BlueSky_CollectionViewImages/CollegeImages/social_science_cloud.jpeg; sourceTree = SOURCE_ROOT; };
		A768FA08219FCFCE0093EDAC /* physical_science_2.jpeg */ = {isa = PBXFileReference; lastKnownFileType = image.jpeg; name = physical_science_2.jpeg; path = BlueSky_CollectionViewImages/CollegeImages/physical_science_2.jpeg; sourceTree = SOURCE_ROOT; };
		A768FA09219FCFCE0093EDAC /* physical_science_1.png */ = {isa = PBXFileReference; lastKnownFileType = image.png; name = physical_science_1.png; path = BlueSky_CollectionViewImages/CollegeImages/physical_science_1.png; sourceTree = SOURCE_ROOT; };
		A768FA0A219FCFCE0093EDAC /* social_sciences_connection.jpeg */ = {isa = PBXFileReference; lastKnownFileType = image.jpeg; name = social_sciences_connection.jpeg; path = BlueSky_CollectionViewImages/CollegeImages/social_sciences_connection.jpeg; sourceTree = SOURCE_ROOT; };
		A768FA0B219FCFCE0093EDAC /* mathematics.jpg */ = {isa = PBXFileReference; lastKnownFileType = image.jpeg; name = mathematics.jpg; path = BlueSky_CollectionViewImages/CollegeImages/mathematics.jpg; sourceTree = SOURCE_ROOT; };
		A7C6FA4D21A89F33005B5B8A /* myRecommendationsViewController.swift */ = {isa = PBXFileReference; lastKnownFileType = sourcecode.swift; path = myRecommendationsViewController.swift; sourceTree = "<group>"; };
		A7CE544921A1DC01002BE967 /* loViewController.swift */ = {isa = PBXFileReference; lastKnownFileType = sourcecode.swift; path = loViewController.swift; sourceTree = "<group>"; };
		A7CE544B21A1DCE7002BE967 /* loTableViewCell.swift */ = {isa = PBXFileReference; lastKnownFileType = sourcecode.swift; path = loTableViewCell.swift; sourceTree = "<group>"; };
		A7CE544D21A1E2A8002BE967 /* CheckMarkCell.swift */ = {isa = PBXFileReference; lastKnownFileType = sourcecode.swift; path = CheckMarkCell.swift; sourceTree = "<group>"; };
		A7CE544E21A1E2A8002BE967 /* CheckMarkCell.xib */ = {isa = PBXFileReference; lastKnownFileType = file.xib; path = CheckMarkCell.xib; sourceTree = "<group>"; };
		A7CE545121A20797002BE967 /* empty-circle-png-7.png */ = {isa = PBXFileReference; lastKnownFileType = image.png; path = "empty-circle-png-7.png"; sourceTree = "<group>"; };
/* End PBXFileReference section */

/* Begin PBXFrameworksBuildPhase section */
		A768F9E7219FC70D0093EDAC /* Frameworks */ = {
			isa = PBXFrameworksBuildPhase;
			buildActionMask = 2147483647;
			files = (
			);
			runOnlyForDeploymentPostprocessing = 0;
		};
/* End PBXFrameworksBuildPhase section */

/* Begin PBXGroup section */
		A714B53521A13110004946D6 /* Checkmarkempty.imageset */ = {
			isa = PBXGroup;
			children = (
				A7CE545121A20797002BE967 /* empty-circle-png-7.png */,
				A714B53621A13110004946D6 /* Checkmarkempty@2x.png */,
				A714B53721A13110004946D6 /* Checkmarkempty@3x.png */,
			);
			path = Checkmarkempty.imageset;
			sourceTree = "<group>";
		};
		A714B53C21A1312C004946D6 /* Checkmark.imageset */ = {
			isa = PBXGroup;
			children = (
				A714B53E21A1312C004946D6 /* Checkmark@2x.png */,
				A714B53F21A1312C004946D6 /* Checkmark@3x.png */,
			);
			path = Checkmark.imageset;
			sourceTree = "<group>";
		};
		A768F9E1219FC70D0093EDAC = {
			isa = PBXGroup;
			children = (
				A768F9EC219FC70D0093EDAC /* BlueSky_CollectionViewImages */,
				A768F9EB219FC70D0093EDAC /* Products */,
			);
			sourceTree = "<group>";
		};
		A768F9EB219FC70D0093EDAC /* Products */ = {
			isa = PBXGroup;
			children = (
				A768F9EA219FC70D0093EDAC /* BlueSky_CollectionViewImages.app */,
			);
			name = Products;
			sourceTree = "<group>";
		};
		A768F9EC219FC70D0093EDAC /* BlueSky_CollectionViewImages */ = {
			isa = PBXGroup;
			children = (
				A768F9ED219FC70D0093EDAC /* AppDelegate.swift */,
				A768F9EF219FC70D0093EDAC /* ViewController.swift */,
				A768FA02219FC8920093EDAC /* CollectionViewCell.swift */,
				A768F9F1219FC70D0093EDAC /* Main.storyboard */,
				A768F9F7219FC70E0093EDAC /* Assets.xcassets */,
				A714B53C21A1312C004946D6 /* Checkmark.imageset */,
				A714B53521A13110004946D6 /* Checkmarkempty.imageset */,
				A768FA04219FCF8F0093EDAC /* CollegeImages */,
				A768F9F9219FC70E0093EDAC /* LaunchScreen.storyboard */,
				A768F9FC219FC70E0093EDAC /* Info.plist */,
				A768F9F4219FC70D0093EDAC /* BlueSky_CollectionViewImages.xcdatamodeld */,
				A714B53121A11AC6004946D6 /* FosViewController.swift */,
				A714B53321A128B6004946D6 /* fosCollectionViewCell.swift */,
				A7CE544921A1DC01002BE967 /* loViewController.swift */,
				A7CE544B21A1DCE7002BE967 /* loTableViewCell.swift */,
				A7CE544D21A1E2A8002BE967 /* CheckMarkCell.swift */,
				A7CE544E21A1E2A8002BE967 /* CheckMarkCell.xib */,
				A7C6FA4D21A89F33005B5B8A /* myRecommendationsViewController.swift */,
			);
			path = BlueSky_CollectionViewImages;
			sourceTree = "<group>";
		};
		A768FA04219FCF8F0093EDAC /* CollegeImages */ = {
			isa = PBXGroup;
			children = (
				A768FA0B219FCFCE0093EDAC /* mathematics.jpg */,
				A768FA05219FCFC20093EDAC /* humanities.png */,
				A768FA09219FCFCE0093EDAC /* physical_science_1.png */,
				A768FA08219FCFCE0093EDAC /* physical_science_2.jpeg */,
				A768FA07219FCFCE0093EDAC /* social_science_cloud.jpeg */,
				A768FA0A219FCFCE0093EDAC /* social_sciences_connection.jpeg */,
			);
			path = CollegeImages;
			sourceTree = "<group>";
		};
/* End PBXGroup section */

/* Begin PBXNativeTarget section */
		A768F9E9219FC70D0093EDAC /* BlueSky_CollectionViewImages */ = {
			isa = PBXNativeTarget;
			buildConfigurationList = A768F9FF219FC70E0093EDAC /* Build configuration list for PBXNativeTarget "BlueSky_CollectionViewImages" */;
			buildPhases = (
				A768F9E6219FC70D0093EDAC /* Sources */,
				A768F9E7219FC70D0093EDAC /* Frameworks */,
				A768F9E8219FC70D0093EDAC /* Resources */,
			);
			buildRules = (
			);
			dependencies = (
			);
			name = BlueSky_CollectionViewImages;
			productName = BlueSky_CollectionViewImages;
			productReference = A768F9EA219FC70D0093EDAC /* BlueSky_CollectionViewImages.app */;
			productType = "com.apple.product-type.application";
		};
/* End PBXNativeTarget section */

/* Begin PBXProject section */
		A768F9E2219FC70D0093EDAC /* Project object */ = {
			isa = PBXProject;
			attributes = {
				LastSwiftUpdateCheck = 1010;
				LastUpgradeCheck = 1010;
				ORGANIZATIONNAME = uwf;
				TargetAttributes = {
					A768F9E9219FC70D0093EDAC = {
						CreatedOnToolsVersion = 10.1;
					};
				};
			};
			buildConfigurationList = A768F9E5219FC70D0093EDAC /* Build configuration list for PBXProject "BlueSky_CollectionViewImages" */;
			compatibilityVersion = "Xcode 9.3";
			developmentRegion = en;
			hasScannedForEncodings = 0;
			knownRegions = (
				en,
				Base,
			);
			mainGroup = A768F9E1219FC70D0093EDAC;
			productRefGroup = A768F9EB219FC70D0093EDAC /* Products */;
			projectDirPath = "";
			projectRoot = "";
			targets = (
				A768F9E9219FC70D0093EDAC /* BlueSky_CollectionViewImages */,
			);
		};
/* End PBXProject section */

/* Begin PBXResourcesBuildPhase section */
		A768F9E8219FC70D0093EDAC /* Resources */ = {
			isa = PBXResourcesBuildPhase;
			buildActionMask = 2147483647;
			files = (
				A768FA06219FCFC20093EDAC /* humanities.png in Resources */,
				A768FA0F219FCFCE0093EDAC /* social_sciences_connection.jpeg in Resources */,
				A714B54121A1312C004946D6 /* Checkmark@2x.png in Resources */,
				A714B53921A13110004946D6 /* Checkmarkempty@2x.png in Resources */,
				A7CE545221A20797002BE967 /* empty-circle-png-7.png in Resources */,
				A768F9FB219FC70E0093EDAC /* LaunchScreen.storyboard in Resources */,
				A768F9F8219FC70E0093EDAC /* Assets.xcassets in Resources */,
				A768FA0C219FCFCE0093EDAC /* social_science_cloud.jpeg in Resources */,
				A768FA0E219FCFCE0093EDAC /* physical_science_1.png in Resources */,
				A714B54221A1312C004946D6 /* Checkmark@3x.png in Resources */,
				A714B53A21A13110004946D6 /* Checkmarkempty@3x.png in Resources */,
				A768FA0D219FCFCE0093EDAC /* physical_science_2.jpeg in Resources */,
				A7CE545021A1E2A8002BE967 /* CheckMarkCell.xib in Resources */,
				A768FA10219FCFCE0093EDAC /* mathematics.jpg in Resources */,
				A768F9F3219FC70D0093EDAC /* Main.storyboard in Resources */,
			);
			runOnlyForDeploymentPostprocessing = 0;
		};
/* End PBXResourcesBuildPhase section */

/* Begin PBXSourcesBuildPhase section */
		A768F9E6219FC70D0093EDAC /* Sources */ = {
			isa = PBXSourcesBuildPhase;
			buildActionMask = 2147483647;
			files = (
				A768F9F6219FC70D0093EDAC /* BlueSky_CollectionViewImages.xcdatamodeld in Sources */,
				A7C6FA4E21A89F33005B5B8A /* myRecommendationsViewController.swift in Sources */,
				A714B53421A128B6004946D6 /* fosCollectionViewCell.swift in Sources */,
				A768F9F0219FC70D0093EDAC /* ViewController.swift in Sources */,
				A7CE544F21A1E2A8002BE967 /* CheckMarkCell.swift in Sources */,
				A7CE544A21A1DC01002BE967 /* loViewController.swift in Sources */,
				A768FA03219FC8920093EDAC /* CollectionViewCell.swift in Sources */,
				A714B53221A11AC6004946D6 /* FosViewController.swift in Sources */,
				A7CE544C21A1DCE7002BE967 /* loTableViewCell.swift in Sources */,
				A768F9EE219FC70D0093EDAC /* AppDelegate.swift in Sources */,
			);
			runOnlyForDeploymentPostprocessing = 0;
		};
/* End PBXSourcesBuildPhase section */

/* Begin PBXVariantGroup section */
		A768F9F1219FC70D0093EDAC /* Main.storyboard */ = {
			isa = PBXVariantGroup;
			children = (
				A768F9F2219FC70D0093EDAC /* Base */,
			);
			name = Main.storyboard;
			sourceTree = "<group>";
		};
		A768F9F9219FC70E0093EDAC /* LaunchScreen.storyboard */ = {
			isa = PBXVariantGroup;
			children = (
				A768F9FA219FC70E0093EDAC /* Base */,
			);
			name = LaunchScreen.storyboard;
			sourceTree = "<group>";
		};
/* End PBXVariantGroup section */

/* Begin XCBuildConfiguration section */
		A768F9FD219FC70E0093EDAC /* Debug */ = {
			isa = XCBuildConfiguration;
			buildSettings = {
				ALWAYS_SEARCH_USER_PATHS = NO;
				CLANG_ANALYZER_NONNULL = YES;
				CLANG_ANALYZER_NUMBER_OBJECT_CONVERSION = YES_AGGRESSIVE;
				CLANG_CXX_LANGUAGE_STANDARD = "gnu++14";
				CLANG_CXX_LIBRARY = "libc++";
				CLANG_ENABLE_MODULES = YES;
				CLANG_ENABLE_OBJC_ARC = YES;
				CLANG_ENABLE_OBJC_WEAK = YES;
				CLANG_WARN_BLOCK_CAPTURE_AUTORELEASING = YES;
				CLANG_WARN_BOOL_CONVERSION = YES;
				CLANG_WARN_COMMA = YES;
				CLANG_WARN_CONSTANT_CONVERSION = YES;
				CLANG_WARN_DEPRECATED_OBJC_IMPLEMENTATIONS = YES;
				CLANG_WARN_DIRECT_OBJC_ISA_USAGE = YES_ERROR;
				CLANG_WARN_DOCUMENTATION_COMMENTS = YES;
				CLANG_WARN_EMPTY_BODY = YES;
				CLANG_WARN_ENUM_CONVERSION = YES;
				CLANG_WARN_INFINITE_RECURSION = YES;
				CLANG_WARN_INT_CONVERSION = YES;
				CLANG_WARN_NON_LITERAL_NULL_CONVERSION = YES;
				CLANG_WARN_OBJC_IMPLICIT_RETAIN_SELF = YES;
				CLANG_WARN_OBJC_LITERAL_CONVERSION = YES;
				CLANG_WARN_OBJC_ROOT_CLASS = YES_ERROR;
				CLANG_WARN_RANGE_LOOP_ANALYSIS = YES;
				CLANG_WARN_STRICT_PROTOTYPES = YES;
				CLANG_WARN_SUSPICIOUS_MOVE = YES;
				CLANG_WARN_UNGUARDED_AVAILABILITY = YES_AGGRESSIVE;
				CLANG_WARN_UNREACHABLE_CODE = YES;
				CLANG_WARN__DUPLICATE_METHOD_MATCH = YES;
				CODE_SIGN_IDENTITY = "iPhone Developer";
				COPY_PHASE_STRIP = NO;
				DEBUG_INFORMATION_FORMAT = dwarf;
				ENABLE_STRICT_OBJC_MSGSEND = YES;
				ENABLE_TESTABILITY = YES;
				GCC_C_LANGUAGE_STANDARD = gnu11;
				GCC_DYNAMIC_NO_PIC = NO;
				GCC_NO_COMMON_BLOCKS = YES;
				GCC_OPTIMIZATION_LEVEL = 0;
				GCC_PREPROCESSOR_DEFINITIONS = (
					"DEBUG=1",
					"$(inherited)",
				);
				GCC_WARN_64_TO_32_BIT_CONVERSION = YES;
				GCC_WARN_ABOUT_RETURN_TYPE = YES_ERROR;
				GCC_WARN_UNDECLARED_SELECTOR = YES;
				GCC_WARN_UNINITIALIZED_AUTOS = YES_AGGRESSIVE;
				GCC_WARN_UNUSED_FUNCTION = YES;
				GCC_WARN_UNUSED_VARIABLE = YES;
				IPHONEOS_DEPLOYMENT_TARGET = 12.1;
				MTL_ENABLE_DEBUG_INFO = INCLUDE_SOURCE;
				MTL_FAST_MATH = YES;
				ONLY_ACTIVE_ARCH = YES;
				SDKROOT = iphoneos;
				SWIFT_ACTIVE_COMPILATION_CONDITIONS = DEBUG;
				SWIFT_OPTIMIZATION_LEVEL = "-Onone";
			};
			name = Debug;
		};
		A768F9FE219FC70E0093EDAC /* Release */ = {
			isa = XCBuildConfiguration;
			buildSettings = {
				ALWAYS_SEARCH_USER_PATHS = NO;
				CLANG_ANALYZER_NONNULL = YES;
				CLANG_ANALYZER_NUMBER_OBJECT_CONVERSION = YES_AGGRESSIVE;
				CLANG_CXX_LANGUAGE_STANDARD = "gnu++14";
				CLANG_CXX_LIBRARY = "libc++";
				CLANG_ENABLE_MODULES = YES;
				CLANG_ENABLE_OBJC_ARC = YES;
				CLANG_ENABLE_OBJC_WEAK = YES;
				CLANG_WARN_BLOCK_CAPTURE_AUTORELEASING = YES;
				CLANG_WARN_BOOL_CONVERSION = YES;
				CLANG_WARN_COMMA = YES;
				CLANG_WARN_CONSTANT_CONVERSION = YES;
				CLANG_WARN_DEPRECATED_OBJC_IMPLEMENTATIONS = YES;
				CLANG_WARN_DIRECT_OBJC_ISA_USAGE = YES_ERROR;
				CLANG_WARN_DOCUMENTATION_COMMENTS = YES;
				CLANG_WARN_EMPTY_BODY = YES;
				CLANG_WARN_ENUM_CONVERSION = YES;
				CLANG_WARN_INFINITE_RECURSION = YES;
				CLANG_WARN_INT_CONVERSION = YES;
				CLANG_WARN_NON_LITERAL_NULL_CONVERSION = YES;
				CLANG_WARN_OBJC_IMPLICIT_RETAIN_SELF = YES;
				CLANG_WARN_OBJC_LITERAL_CONVERSION = YES;
				CLANG_WARN_OBJC_ROOT_CLASS = YES_ERROR;
				CLANG_WARN_RANGE_LOOP_ANALYSIS = YES;
				CLANG_WARN_STRICT_PROTOTYPES = YES;
				CLANG_WARN_SUSPICIOUS_MOVE = YES;
				CLANG_WARN_UNGUARDED_AVAILABILITY = YES_AGGRESSIVE;
				CLANG_WARN_UNREACHABLE_CODE = YES;
				CLANG_WARN__DUPLICATE_METHOD_MATCH = YES;
				CODE_SIGN_IDENTITY = "iPhone Developer";
				COPY_PHASE_STRIP = NO;
				DEBUG_INFORMATION_FORMAT = "dwarf-with-dsym";
				ENABLE_NS_ASSERTIONS = NO;
				ENABLE_STRICT_OBJC_MSGSEND = YES;
				GCC_C_LANGUAGE_STANDARD = gnu11;
				GCC_NO_COMMON_BLOCKS = YES;
				GCC_WARN_64_TO_32_BIT_CONVERSION = YES;
				GCC_WARN_ABOUT_RETURN_TYPE = YES_ERROR;
				GCC_WARN_UNDECLARED_SELECTOR = YES;
				GCC_WARN_UNINITIALIZED_AUTOS = YES_AGGRESSIVE;
				GCC_WARN_UNUSED_FUNCTION = YES;
				GCC_WARN_UNUSED_VARIABLE = YES;
				IPHONEOS_DEPLOYMENT_TARGET = 12.1;
				MTL_ENABLE_DEBUG_INFO = NO;
				MTL_FAST_MATH = YES;
				SDKROOT = iphoneos;
				SWIFT_COMPILATION_MODE = wholemodule;
				SWIFT_OPTIMIZATION_LEVEL = "-O";
				VALIDATE_PRODUCT = YES;
			};
			name = Release;
		};
		A768FA00219FC70E0093EDAC /* Debug */ = {
			isa = XCBuildConfiguration;
			buildSettings = {
				ASSETCATALOG_COMPILER_APPICON_NAME = AppIcon;
				CODE_SIGN_STYLE = Automatic;
				DEVELOPMENT_TEAM = 58L9376RAG;
				INFOPLIST_FILE = BlueSky_CollectionViewImages/Info.plist;
				LD_RUNPATH_SEARCH_PATHS = (
					"$(inherited)",
					"@executable_path/Frameworks",
				);
				PRODUCT_BUNDLE_IDENTIFIER = "uwf.BlueSky-CollectionViewImages";
				PRODUCT_NAME = "$(TARGET_NAME)";
				SWIFT_VERSION = 4.2;
				TARGETED_DEVICE_FAMILY = "1,2";
			};
			name = Debug;
		};
		A768FA01219FC70E0093EDAC /* Release */ = {
			isa = XCBuildConfiguration;
			buildSettings = {
				ASSETCATALOG_COMPILER_APPICON_NAME = AppIcon;
				CODE_SIGN_STYLE = Automatic;
				DEVELOPMENT_TEAM = 58L9376RAG;
				INFOPLIST_FILE = BlueSky_CollectionViewImages/Info.plist;
				LD_RUNPATH_SEARCH_PATHS = (
					"$(inherited)",
					"@executable_path/Frameworks",
				);
				PRODUCT_BUNDLE_IDENTIFIER = "uwf.BlueSky-CollectionViewImages";
				PRODUCT_NAME = "$(TARGET_NAME)";
				SWIFT_VERSION = 4.2;
				TARGETED_DEVICE_FAMILY = "1,2";
			};
			name = Release;
		};
/* End XCBuildConfiguration section */

/* Begin XCConfigurationList section */
		A768F9E5219FC70D0093EDAC /* Build configuration list for PBXProject "BlueSky_CollectionViewImages" */ = {
			isa = XCConfigurationList;
			buildConfigurations = (
				A768F9FD219FC70E0093EDAC /* Debug */,
				A768F9FE219FC70E0093EDAC /* Release */,
			);
			defaultConfigurationIsVisible = 0;
			defaultConfigurationName = Release;
		};
		A768F9FF219FC70E0093EDAC /* Build configuration list for PBXNativeTarget "BlueSky_CollectionViewImages" */ = {
			isa = XCConfigurationList;
			buildConfigurations = (
				A768FA00219FC70E0093EDAC /* Debug */,
				A768FA01219FC70E0093EDAC /* Release */,
			);
			defaultConfigurationIsVisible = 0;
			defaultConfigurationName = Release;
		};
/* End XCConfigurationList section */

/* Begin XCVersionGroup section */
		A768F9F4219FC70D0093EDAC /* BlueSky_CollectionViewImages.xcdatamodeld */ = {
			isa = XCVersionGroup;
			children = (
				A768F9F5219FC70D0093EDAC /* BlueSky_CollectionViewImages.xcdatamodel */,
			);
			currentVersion = A768F9F5219FC70D0093EDAC /* BlueSky_CollectionViewImages.xcdatamodel */;
			path = BlueSky_CollectionViewImages.xcdatamodeld;
			sourceTree = "<group>";
			versionGroupType = wrapper.xcdatamodel;
		};
/* End XCVersionGroup section */
	};
	rootObject = A768F9E2219FC70D0093EDAC /* Project object */;
}
